
Microsoft Visual Studio Solution File, Format Version 12.00
# Visual Studio Version 17
VisualStudioVersion = 17.2.32516.85
MinimumVisualStudioVersion = 10.0.40219.1
Project("{2150E333-8FDC-42A3-9474-1A3956D46DE8}") = "server", "server", "{92E603C7-8827-4D44-AA9C-ABA575B60FEB}"
EndProject
Project("{2150E333-8FDC-42A3-9474-1A3956D46DE8}") = "Solution Items", "Solution Items", "{473ED840-08CD-4E32-AC51-D63FD592A102}"
	ProjectSection(SolutionItems) = preProject
		.editorconfig = .editorconfig
	EndProjectSection
EndProject
Project("{FAE04EC0-301F-11D3-BF4B-00C04F79EFBC}") = "Catalog.WebApi", "server\Catalog.WebApi\Catalog.WebApi.csproj", "{7C3392E0-391B-46BB-BABA-E98111309E99}"
EndProject
Project("{9A19103F-16F7-4668-BE54-9A1E7A4F7556}") = "Basket.WebApi", "server\Basket.WebApi\Basket.WebApi.csproj", "{AF670299-9F94-4CAD-B921-F1BA6DA4126B}"
EndProject
Project("{9A19103F-16F7-4668-BE54-9A1E7A4F7556}") = "Wishlist.WebApi", "server\Wishlist.WebApi\Wishlist.WebApi.csproj", "{A8C30712-D784-4124-A4ED-9917BA4E05BF}"
EndProject
Project("{2150E333-8FDC-42A3-9474-1A3956D46DE8}") = "shared", "shared", "{30527FA7-74BE-44C4-90E8-C99F5757E9D3}"
EndProject
Project("{FAE04EC0-301F-11D3-BF4B-00C04F79EFBC}") = "MassTransit", "shared\MassTransit\MassTransit.csproj", "{450AF2C7-2B73-4DB2-9082-6E02AB1E3BBD}"
EndProject
Project("{FAE04EC0-301F-11D3-BF4B-00C04F79EFBC}") = "Catalog.Common", "shared\Catalog.Common\Catalog.Common.csproj", "{55413229-3271-4772-9234-9E2F7F696A08}"
EndProject
Global
	GlobalSection(SolutionConfigurationPlatforms) = preSolution
		Debug|Any CPU = Debug|Any CPU
		Release|Any CPU = Release|Any CPU
	EndGlobalSection
	GlobalSection(ProjectConfigurationPlatforms) = postSolution
		{7C3392E0-391B-46BB-BABA-E98111309E99}.Debug|Any CPU.ActiveCfg = Debug|Any CPU
		{7C3392E0-391B-46BB-BABA-E98111309E99}.Debug|Any CPU.Build.0 = Debug|Any CPU
		{7C3392E0-391B-46BB-BABA-E98111309E99}.Release|Any CPU.ActiveCfg = Release|Any CPU
		{7C3392E0-391B-46BB-BABA-E98111309E99}.Release|Any CPU.Build.0 = Release|Any CPU
		{AF670299-9F94-4CAD-B921-F1BA6DA4126B}.Debug|Any CPU.ActiveCfg = Debug|Any CPU
		{AF670299-9F94-4CAD-B921-F1BA6DA4126B}.Debug|Any CPU.Build.0 = Debug|Any CPU
		{AF670299-9F94-4CAD-B921-F1BA6DA4126B}.Release|Any CPU.ActiveCfg = Release|Any CPU
		{AF670299-9F94-4CAD-B921-F1BA6DA4126B}.Release|Any CPU.Build.0 = Release|Any CPU
		{A8C30712-D784-4124-A4ED-9917BA4E05BF}.Debug|Any CPU.ActiveCfg = Debug|Any CPU
		{A8C30712-D784-4124-A4ED-9917BA4E05BF}.Debug|Any CPU.Build.0 = Debug|Any CPU
		{A8C30712-D784-4124-A4ED-9917BA4E05BF}.Release|Any CPU.ActiveCfg = Release|Any CPU
		{A8C30712-D784-4124-A4ED-9917BA4E05BF}.Release|Any CPU.Build.0 = Release|Any CPU
		{450AF2C7-2B73-4DB2-9082-6E02AB1E3BBD}.Debug|Any CPU.ActiveCfg = Debug|Any CPU
		{450AF2C7-2B73-4DB2-9082-6E02AB1E3BBD}.Debug|Any CPU.Build.0 = Debug|Any CPU
		{450AF2C7-2B73-4DB2-9082-6E02AB1E3BBD}.Release|Any CPU.ActiveCfg = Release|Any CPU
		{450AF2C7-2B73-4DB2-9082-6E02AB1E3BBD}.Release|Any CPU.Build.0 = Release|Any CPU
		{55413229-3271-4772-9234-9E2F7F696A08}.Debug|Any CPU.ActiveCfg = Debug|Any CPU
		{55413229-3271-4772-9234-9E2F7F696A08}.Debug|Any CPU.Build.0 = Debug|Any CPU
		{55413229-3271-4772-9234-9E2F7F696A08}.Release|Any CPU.ActiveCfg = Release|Any CPU
		{55413229-3271-4772-9234-9E2F7F696A08}.Release|Any CPU.Build.0 = Release|Any CPU
	EndGlobalSection
	GlobalSection(SolutionProperties) = preSolution
		HideSolutionNode = FALSE
	EndGlobalSection
	GlobalSection(NestedProjects) = preSolution
		{7C3392E0-391B-46BB-BABA-E98111309E99} = {92E603C7-8827-4D44-AA9C-ABA575B60FEB}
		{AF670299-9F94-4CAD-B921-F1BA6DA4126B} = {92E603C7-8827-4D44-AA9C-ABA575B60FEB}
		{A8C30712-D784-4124-A4ED-9917BA4E05BF} = {92E603C7-8827-4D44-AA9C-ABA575B60FEB}
		{450AF2C7-2B73-4DB2-9082-6E02AB1E3BBD} = {30527FA7-74BE-44C4-90E8-C99F5757E9D3}
		{55413229-3271-4772-9234-9E2F7F696A08} = {30527FA7-74BE-44C4-90E8-C99F5757E9D3}
	EndGlobalSection
	GlobalSection(ExtensibilityGlobals) = postSolution
		SolutionGuid = {4B2D0974-1730-47AE-9C1E-6EF02BB7C97E}
	EndGlobalSection
EndGlobal
